
Microsoft Visual Studio Solution File, Format Version 12.00
# Visual Studio Version 17
VisualStudioVersion = 17.5.33530.505
MinimumVisualStudioVersion = 10.0.40219.1
Project("{FAE04EC0-301F-11D3-BF4B-00C04F79EFBC}") = "quickdraw", "quickdraw\quickdraw.csproj", "{21575D7D-3FC1-4547-9C6A-CCE7107C7AD4}"
EndProject
Global
	GlobalSection(SolutionConfigurationPlatforms) = preSolution
		Debug|Any CPU = Debug|Any CPU
		Release|Any CPU = Release|Any CPU
	EndGlobalSection
	GlobalSection(ProjectConfigurationPlatforms) = postSolution
		{21575D7D-3FC1-4547-9C6A-CCE7107C7AD4}.Debug|Any CPU.ActiveCfg = Debug|Any CPU
		{21575D7D-3FC1-4547-9C6A-CCE7107C7AD4}.Debug|Any CPU.Build.0 = Debug|Any CPU
		{21575D7D-3FC1-4547-9C6A-CCE7107C7AD4}.Release|Any CPU.ActiveCfg = Release|Any CPU
		{21575D7D-3FC1-4547-9C6A-CCE7107C7AD4}.Release|Any CPU.Build.0 = Release|Any CPU
	EndGlobalSection
	GlobalSection(SolutionProperties) = preSolution
		HideSolutionNode = FALSE
	EndGlobalSection
	GlobalSection(ExtensibilityGlobals) = postSolution
		SolutionGuid = {BC7315EB-6D02-4091-A992-95808D8B3973}
	EndGlobalSection
EndGlobal
